// !$*UTF8*$!
{
	archiveVersion = 1;
	classes = {
	};
	objectVersion = 54;
	objects = {

/* Begin PBXBuildFile section */
		00E356F31AD99517003FC87E /* OutsideeTests.m in Sources */ = {isa = PBXBuildFile; fileRef = 00E356F21AD99517003FC87E /* OutsideeTests.m */; };
		0C80B921A6F3F58F76C31292 /* libPods-Outsidee.a in Frameworks */ = {isa = PBXBuildFile; fileRef = 5DCACB8F33CDC322A6C60F78 /* libPods-Outsidee.a */; };
		13B07FBC1A68108700A75B9A /* AppDelegate.mm in Sources */ = {isa = PBXBuildFile; fileRef = 13B07FB01A68108700A75B9A /* AppDelegate.mm */; };
		13B07FBF1A68108700A75B9A /* Images.xcassets in Resources */ = {isa = PBXBuildFile; fileRef = 13B07FB51A68108700A75B9A /* Images.xcassets */; };
		13B07FC11A68108700A75B9A /* main.m in Sources */ = {isa = PBXBuildFile; fileRef = 13B07FB71A68108700A75B9A /* main.m */; };
		5C11CFD02A0487A400E02DB9 /* GoogleService-Info.plist in Resources */ = {isa = PBXBuildFile; fileRef = 5C11CFCF2A0487A400E02DB9 /* GoogleService-Info.plist */; };
		7699B88040F8A987B510C191 /* libPods-Outsidee-OutsideeTests.a in Frameworks */ = {isa = PBXBuildFile; fileRef = 19F6CBCC0A4E27FBF8BF4A61 /* libPods-Outsidee-OutsideeTests.a */; };
		81AB9BB82411601600AC10FF /* LaunchScreen.storyboard in Resources */ = {isa = PBXBuildFile; fileRef = 81AB9BB72411601600AC10FF /* LaunchScreen.storyboard */; };
		ABF707032A155AFE00276849 /* StoreKit.framework in Frameworks */ = {isa = PBXBuildFile; fileRef = ABF707022A155AFE00276849 /* StoreKit.framework */; };
		AACC5A9108774EC7B7590032 /* Nexa-Trial-Black.ttf in Resources */ = {isa = PBXBuildFile; fileRef = 334B04926FFD446E887734D9 /* Nexa-Trial-Black.ttf */; };
		4EED6845B6C442EE9D5D54C9 /* Nexa-Trial-BlackItalic.ttf in Resources */ = {isa = PBXBuildFile; fileRef = F374705ED7104ECDAFDA94F8 /* Nexa-Trial-BlackItalic.ttf */; };
		CD99A0031C1349A994BA7D3D /* Nexa-Trial-Bold.ttf in Resources */ = {isa = PBXBuildFile; fileRef = 2F73B612DFC343809AC46D3F /* Nexa-Trial-Bold.ttf */; };
		CEBBF30473444477B4623CD2 /* Nexa-Trial-BoldItalic.ttf in Resources */ = {isa = PBXBuildFile; fileRef = 25E99E8504BA4A2FA711EEA4 /* Nexa-Trial-BoldItalic.ttf */; };
		F0E61012AEC64501A4BC7D4C /* Nexa-Trial-Book.ttf in Resources */ = {isa = PBXBuildFile; fileRef = 0B3058154EA14259B83100A0 /* Nexa-Trial-Book.ttf */; };
		F1624623D1AB4645BB560ABF /* Nexa-Trial-BookItalic.ttf in Resources */ = {isa = PBXBuildFile; fileRef = FEA568C0F9A849BEB77AE454 /* Nexa-Trial-BookItalic.ttf */; };
		783E15706AB1495D9DEA3234 /* Nexa-Trial-ExtraBold.ttf in Resources */ = {isa = PBXBuildFile; fileRef = 97AED9004F0B48A68A8AEFC7 /* Nexa-Trial-ExtraBold.ttf */; };
		73ECA1711D4B417B8CE502AB /* Nexa-Trial-ExtraBoldItalic.ttf in Resources */ = {isa = PBXBuildFile; fileRef = D2E97513FAFE466592963135 /* Nexa-Trial-ExtraBoldItalic.ttf */; };
		5EBBF1E0ABAF40389B52B7AA /* Nexa-Trial-ExtraLight.ttf in Resources */ = {isa = PBXBuildFile; fileRef = 9DFA6239D58E468BAFFEF15F /* Nexa-Trial-ExtraLight.ttf */; };
		1AD388CEF33A479E917FF0A4 /* Nexa-Trial-ExtraLightItalic.ttf in Resources */ = {isa = PBXBuildFile; fileRef = 102201D1FE9249348D9699FD /* Nexa-Trial-ExtraLightItalic.ttf */; };
		264FC9A729D6489EA31BC7CB /* Nexa-Trial-Heavy.ttf in Resources */ = {isa = PBXBuildFile; fileRef = 5B74797250EF4417BFB0657F /* Nexa-Trial-Heavy.ttf */; };
		E771A534317A40AAA9E2245A /* Nexa-Trial-HeavyItalic.ttf in Resources */ = {isa = PBXBuildFile; fileRef = BB606EBDFF584A99BE55C315 /* Nexa-Trial-HeavyItalic.ttf */; };
		87AFC36827EE48E39ABB9369 /* Nexa-Trial-Light.ttf in Resources */ = {isa = PBXBuildFile; fileRef = 4514E823E9024B809C59B257 /* Nexa-Trial-Light.ttf */; };
		40789BD60843476C8DB5F014 /* Nexa-Trial-LightItalic.ttf in Resources */ = {isa = PBXBuildFile; fileRef = BC90FFBF0AE44E5A864CF2E0 /* Nexa-Trial-LightItalic.ttf */; };
		E4FAFC034D4D4358B17EF4C5 /* Nexa-Trial-Regular.ttf in Resources */ = {isa = PBXBuildFile; fileRef = 8CE81C491F6644CD8EF04748 /* Nexa-Trial-Regular.ttf */; };
		721751E896B34BF9BCDB0C36 /* Nexa-Trial-RegularItalic.ttf in Resources */ = {isa = PBXBuildFile; fileRef = B5077A8BE61A4071AED25AF5 /* Nexa-Trial-RegularItalic.ttf */; };
		D4FC87FEDC944B45A9C8ACC8 /* Nexa-Trial-Thin.ttf in Resources */ = {isa = PBXBuildFile; fileRef = F2F341444F8849B1A3595E4B /* Nexa-Trial-Thin.ttf */; };
		4C02C42BEA384D209B98E53D /* Nexa-Trial-ThinItalic.ttf in Resources */ = {isa = PBXBuildFile; fileRef = 17680B9AF7264C24B723C0D0 /* Nexa-Trial-ThinItalic.ttf */; };
		21A9292E04764C5B9EA62740 /* NexaText-Trial-Black.ttf in Resources */ = {isa = PBXBuildFile; fileRef = FB6391DD4A8A460687BC4043 /* NexaText-Trial-Black.ttf */; };
		8E9EBCC011D44114827D1AFD /* NexaText-Trial-BlackItalic.ttf in Resources */ = {isa = PBXBuildFile; fileRef = B4CB2A967E294B56935505B9 /* NexaText-Trial-BlackItalic.ttf */; };
		BC9E111FB0B44DBFA5D1FA21 /* NexaText-Trial-Bold.ttf in Resources */ = {isa = PBXBuildFile; fileRef = 1A5CE3FC101945C882DABAF8 /* NexaText-Trial-Bold.ttf */; };
		69A39C530D144625A03E5054 /* NexaText-Trial-BoldItalic.ttf in Resources */ = {isa = PBXBuildFile; fileRef = 9631926B06F84FCBBABC803F /* NexaText-Trial-BoldItalic.ttf */; };
		7D5C39EDF8FB4A65BDE7914F /* NexaText-Trial-Book.ttf in Resources */ = {isa = PBXBuildFile; fileRef = 3B4AA0B96B654EE48378B868 /* NexaText-Trial-Book.ttf */; };
		85BA6C69234D4FC680BC49ED /* NexaText-Trial-BookItalic.ttf in Resources */ = {isa = PBXBuildFile; fileRef = 593EEFB8D54F4D90B7D7D2DB /* NexaText-Trial-BookItalic.ttf */; };
		5BE0E89A0B914F54B3AFBABB /* NexaText-Trial-ExtraBold.ttf in Resources */ = {isa = PBXBuildFile; fileRef = FAD7B120A75D4EC8ACD18E63 /* NexaText-Trial-ExtraBold.ttf */; };
		70B118C46712421196796FA5 /* NexaText-Trial-ExtraBoldItalic.ttf in Resources */ = {isa = PBXBuildFile; fileRef = 5211C8F111F14263A8A952F4 /* NexaText-Trial-ExtraBoldItalic.ttf */; };
		B76E417A3E674C439CCD644F /* NexaText-Trial-ExtraLight.ttf in Resources */ = {isa = PBXBuildFile; fileRef = DCD957668EEB4FAA9C0838F5 /* NexaText-Trial-ExtraLight.ttf */; };
		1F5AEEB0954F4B81964CB72A /* NexaText-Trial-ExtraLightItalic.ttf in Resources */ = {isa = PBXBuildFile; fileRef = DD8C9B11B9C04876BAD255D0 /* NexaText-Trial-ExtraLightItalic.ttf */; };
		29BC2F4C61844BCE99B57E4A /* NexaText-Trial-Heavy.ttf in Resources */ = {isa = PBXBuildFile; fileRef = D7B0B3E07ED643E6A741497C /* NexaText-Trial-Heavy.ttf */; };
		36BD5A0D58A14D4AA5BE9BCF /* NexaText-Trial-HeavyItalic.ttf in Resources */ = {isa = PBXBuildFile; fileRef = BA9D111BB1E04468A8443E18 /* NexaText-Trial-HeavyItalic.ttf */; };
		AA2C93C255B44196AD5CAF4F /* NexaText-Trial-Light.ttf in Resources */ = {isa = PBXBuildFile; fileRef = AE9418BB326A423ABEC7C071 /* NexaText-Trial-Light.ttf */; };
		7524B2C03FCB4E649878C4B1 /* NexaText-Trial-LightItalic.ttf in Resources */ = {isa = PBXBuildFile; fileRef = 6E577CAA286848559A850CD3 /* NexaText-Trial-LightItalic.ttf */; };
		35787033122F4EA9807D1010 /* NexaText-Trial-Regular.ttf in Resources */ = {isa = PBXBuildFile; fileRef = 4BDB1380C661406B8E9201E0 /* NexaText-Trial-Regular.ttf */; };
		D4D25AEB59144FF09D4A4488 /* NexaText-Trial-RegularItalic.ttf in Resources */ = {isa = PBXBuildFile; fileRef = 9E933FC8B86848AC9336E39D /* NexaText-Trial-RegularItalic.ttf */; };
		82F7685ECA86493FAF2B7922 /* NexaText-Trial-Thin.ttf in Resources */ = {isa = PBXBuildFile; fileRef = 8D33260A10CD4786BF838E78 /* NexaText-Trial-Thin.ttf */; };
		EAC29153C2F3466C8546BDAC /* NexaText-Trial-ThinItalic.ttf in Resources */ = {isa = PBXBuildFile; fileRef = 6A4762964CF447EFB56961C6 /* NexaText-Trial-ThinItalic.ttf */; };
		E6951486ED084E73B32985FC /* SEGOEUI.TTF in Resources */ = {isa = PBXBuildFile; fileRef = 9FBC90BF8AA24E0C94720485 /* SEGOEUI.TTF */; };
		CFEC68C962E740A0B38B4EFE /* NexaBlack.otf in Resources */ = {isa = PBXBuildFile; fileRef = 827D427204884A1AAA5F5A39 /* NexaBlack.otf */; };
		4FCC458E7FE541D6873B54E6 /* NexaBlackItalic.otf in Resources */ = {isa = PBXBuildFile; fileRef = 137878C5BF8D4686BFDB5E98 /* NexaBlackItalic.otf */; };
		191127A30EDA4CCCA54A1D6E /* NexaBold.otf in Resources */ = {isa = PBXBuildFile; fileRef = 8340FDE6292047FF9BBEA62E /* NexaBold.otf */; };
		E213D414281940EAA1F7CEC1 /* NexaBoldItalic.otf in Resources */ = {isa = PBXBuildFile; fileRef = 8BA46239CD8249E4AF2484F1 /* NexaBoldItalic.otf */; };
		721355957FA44349999789FA /* NexaBook.otf in Resources */ = {isa = PBXBuildFile; fileRef = 403FD2BC93FA4181BFBCC077 /* NexaBook.otf */; };
		E9901A4796354F7DBDD487B7 /* NexaBookItalic.otf in Resources */ = {isa = PBXBuildFile; fileRef = 23FB3E5DF7FD4186BD5D2100 /* NexaBookItalic.otf */; };
		AD892C305F2F4DB5B2F50C88 /* NexaHeavy.otf in Resources */ = {isa = PBXBuildFile; fileRef = FEEA8CC3F3064C5A8834051E /* NexaHeavy.otf */; };
		E224E6F15CC7479E983C79E2 /* NexaHeavyItalic.otf in Resources */ = {isa = PBXBuildFile; fileRef = AD40660F282C4F958A21CEC3 /* NexaHeavyItalic.otf */; };
		EE0CE2F3A0904B1A939C6FBC /* NexaLight.otf in Resources */ = {isa = PBXBuildFile; fileRef = 87D2C23D4AC34CB3B204CEAA /* NexaLight.otf */; };
		CE20809D921E43A1B8C1FB4D /* NexaLightItalic.otf in Resources */ = {isa = PBXBuildFile; fileRef = 0DD4228F7E7F434291F1EAED /* NexaLightItalic.otf */; };
		9074BD9E81EB4EBB8404C708 /* NexaRegular.otf in Resources */ = {isa = PBXBuildFile; fileRef = CD649AAE32044875903B14B0 /* NexaRegular.otf */; };
		28924E3CAEBC44878123122F /* NexaRegularItalic.otf in Resources */ = {isa = PBXBuildFile; fileRef = CFC2AA1E2EAA44E288B01655 /* NexaRegularItalic.otf */; };
		49732D0274DE4204A22C8EBA /* NexaThin.otf in Resources */ = {isa = PBXBuildFile; fileRef = EE3D879BB08D469891CFFBF0 /* NexaThin.otf */; };
		57C600ADECDA4159BB28A0BF /* NexaThinItalic.otf in Resources */ = {isa = PBXBuildFile; fileRef = 8671E51A234C49F3A56B6922 /* NexaThinItalic.otf */; };
		F5A2896FA92D46D08980B15C /* NexaXBold.otf in Resources */ = {isa = PBXBuildFile; fileRef = 60775D35420047CAAAD34BC3 /* NexaXBold.otf */; };
		3A6037967447410895852E08 /* NexaXBoldItalic.otf in Resources */ = {isa = PBXBuildFile; fileRef = 96A8DB93C9A949EFA17D4F5C /* NexaXBoldItalic.otf */; };
/* End PBXBuildFile section */

/* Begin PBXContainerItemProxy section */
		00E356F41AD99517003FC87E /* PBXContainerItemProxy */ = {
			isa = PBXContainerItemProxy;
			containerPortal = 83CBB9F71A601CBA00E9B192 /* Project object */;
			proxyType = 1;
			remoteGlobalIDString = 13B07F861A680F5B00A75B9A;
			remoteInfo = Outsidee;
		};
/* End PBXContainerItemProxy section */

/* Begin PBXFileReference section */
		00E356EE1AD99517003FC87E /* OutsideeTests.xctest */ = {isa = PBXFileReference; explicitFileType = wrapper.cfbundle; includeInIndex = 0; path = OutsideeTests.xctest; sourceTree = BUILT_PRODUCTS_DIR; };
		00E356F11AD99517003FC87E /* Info.plist */ = {isa = PBXFileReference; lastKnownFileType = text.plist.xml; path = Info.plist; sourceTree = "<group>"; };
		00E356F21AD99517003FC87E /* OutsideeTests.m */ = {isa = PBXFileReference; lastKnownFileType = sourcecode.c.objc; path = OutsideeTests.m; sourceTree = "<group>"; };
		13B07F961A680F5B00A75B9A /* Outsidee.app */ = {isa = PBXFileReference; explicitFileType = wrapper.application; includeInIndex = 0; path = Outsidee.app; sourceTree = BUILT_PRODUCTS_DIR; };
		13B07FAF1A68108700A75B9A /* AppDelegate.h */ = {isa = PBXFileReference; fileEncoding = 4; lastKnownFileType = sourcecode.c.h; name = AppDelegate.h; path = Outsidee/AppDelegate.h; sourceTree = "<group>"; };
		13B07FB01A68108700A75B9A /* AppDelegate.mm */ = {isa = PBXFileReference; fileEncoding = 4; lastKnownFileType = sourcecode.cpp.objcpp; name = AppDelegate.mm; path = Outsidee/AppDelegate.mm; sourceTree = "<group>"; };
		13B07FB51A68108700A75B9A /* Images.xcassets */ = {isa = PBXFileReference; lastKnownFileType = folder.assetcatalog; name = Images.xcassets; path = Outsidee/Images.xcassets; sourceTree = "<group>"; };
		13B07FB61A68108700A75B9A /* Info.plist */ = {isa = PBXFileReference; fileEncoding = 4; lastKnownFileType = text.plist.xml; name = Info.plist; path = Outsidee/Info.plist; sourceTree = "<group>"; };
		13B07FB71A68108700A75B9A /* main.m */ = {isa = PBXFileReference; fileEncoding = 4; lastKnownFileType = sourcecode.c.objc; name = main.m; path = Outsidee/main.m; sourceTree = "<group>"; };
		19F6CBCC0A4E27FBF8BF4A61 /* libPods-Outsidee-OutsideeTests.a */ = {isa = PBXFileReference; explicitFileType = archive.ar; includeInIndex = 0; path = "libPods-Outsidee-OutsideeTests.a"; sourceTree = BUILT_PRODUCTS_DIR; };
		3B4392A12AC88292D35C810B /* Pods-Outsidee.debug.xcconfig */ = {isa = PBXFileReference; includeInIndex = 1; lastKnownFileType = text.xcconfig; name = "Pods-Outsidee.debug.xcconfig"; path = "Target Support Files/Pods-Outsidee/Pods-Outsidee.debug.xcconfig"; sourceTree = "<group>"; };
		5709B34CF0A7D63546082F79 /* Pods-Outsidee.release.xcconfig */ = {isa = PBXFileReference; includeInIndex = 1; lastKnownFileType = text.xcconfig; name = "Pods-Outsidee.release.xcconfig"; path = "Target Support Files/Pods-Outsidee/Pods-Outsidee.release.xcconfig"; sourceTree = "<group>"; };
		5B7EB9410499542E8C5724F5 /* Pods-Outsidee-OutsideeTests.debug.xcconfig */ = {isa = PBXFileReference; includeInIndex = 1; lastKnownFileType = text.xcconfig; name = "Pods-Outsidee-OutsideeTests.debug.xcconfig"; path = "Target Support Files/Pods-Outsidee-OutsideeTests/Pods-Outsidee-OutsideeTests.debug.xcconfig"; sourceTree = "<group>"; };
		5C11CFCE2A04878F00E02DB9 /* Outsidee.entitlements */ = {isa = PBXFileReference; lastKnownFileType = text.plist.entitlements; name = Outsidee.entitlements; path = Outsidee/Outsidee.entitlements; sourceTree = "<group>"; };
		5C11CFCF2A0487A400E02DB9 /* GoogleService-Info.plist */ = {isa = PBXFileReference; fileEncoding = 4; lastKnownFileType = text.plist.xml; path = "GoogleService-Info.plist"; sourceTree = "<group>"; };
		5DCACB8F33CDC322A6C60F78 /* libPods-Outsidee.a */ = {isa = PBXFileReference; explicitFileType = archive.ar; includeInIndex = 0; path = "libPods-Outsidee.a"; sourceTree = BUILT_PRODUCTS_DIR; };
		81AB9BB72411601600AC10FF /* LaunchScreen.storyboard */ = {isa = PBXFileReference; fileEncoding = 4; lastKnownFileType = file.storyboard; name = LaunchScreen.storyboard; path = Outsidee/LaunchScreen.storyboard; sourceTree = "<group>"; };
		89C6BE57DB24E9ADA2F236DE /* Pods-Outsidee-OutsideeTests.release.xcconfig */ = {isa = PBXFileReference; includeInIndex = 1; lastKnownFileType = text.xcconfig; name = "Pods-Outsidee-OutsideeTests.release.xcconfig"; path = "Target Support Files/Pods-Outsidee-OutsideeTests/Pods-Outsidee-OutsideeTests.release.xcconfig"; sourceTree = "<group>"; };
		ABF707022A155AFE00276849 /* StoreKit.framework */ = {isa = PBXFileReference; lastKnownFileType = wrapper.framework; name = StoreKit.framework; path = System/Library/Frameworks/StoreKit.framework; sourceTree = SDKROOT; };
		ED297162215061F000B7C4FE /* JavaScriptCore.framework */ = {isa = PBXFileReference; lastKnownFileType = wrapper.framework; name = JavaScriptCore.framework; path = System/Library/Frameworks/JavaScriptCore.framework; sourceTree = SDKROOT; };
		334B04926FFD446E887734D9 /* Nexa-Trial-Black.ttf */ = {isa = PBXFileReference; name = "Nexa-Trial-Black.ttf"; path = "../src/assets/fonts/Nexa-Trial-Black.ttf"; sourceTree = "<group>"; fileEncoding = undefined; lastKnownFileType = unknown; explicitFileType = undefined; includeInIndex = 0; };
		F374705ED7104ECDAFDA94F8 /* Nexa-Trial-BlackItalic.ttf */ = {isa = PBXFileReference; name = "Nexa-Trial-BlackItalic.ttf"; path = "../src/assets/fonts/Nexa-Trial-BlackItalic.ttf"; sourceTree = "<group>"; fileEncoding = undefined; lastKnownFileType = unknown; explicitFileType = undefined; includeInIndex = 0; };
		2F73B612DFC343809AC46D3F /* Nexa-Trial-Bold.ttf */ = {isa = PBXFileReference; name = "Nexa-Trial-Bold.ttf"; path = "../src/assets/fonts/Nexa-Trial-Bold.ttf"; sourceTree = "<group>"; fileEncoding = undefined; lastKnownFileType = unknown; explicitFileType = undefined; includeInIndex = 0; };
		25E99E8504BA4A2FA711EEA4 /* Nexa-Trial-BoldItalic.ttf */ = {isa = PBXFileReference; name = "Nexa-Trial-BoldItalic.ttf"; path = "../src/assets/fonts/Nexa-Trial-BoldItalic.ttf"; sourceTree = "<group>"; fileEncoding = undefined; lastKnownFileType = unknown; explicitFileType = undefined; includeInIndex = 0; };
		0B3058154EA14259B83100A0 /* Nexa-Trial-Book.ttf */ = {isa = PBXFileReference; name = "Nexa-Trial-Book.ttf"; path = "../src/assets/fonts/Nexa-Trial-Book.ttf"; sourceTree = "<group>"; fileEncoding = undefined; lastKnownFileType = unknown; explicitFileType = undefined; includeInIndex = 0; };
		FEA568C0F9A849BEB77AE454 /* Nexa-Trial-BookItalic.ttf */ = {isa = PBXFileReference; name = "Nexa-Trial-BookItalic.ttf"; path = "../src/assets/fonts/Nexa-Trial-BookItalic.ttf"; sourceTree = "<group>"; fileEncoding = undefined; lastKnownFileType = unknown; explicitFileType = undefined; includeInIndex = 0; };
		97AED9004F0B48A68A8AEFC7 /* Nexa-Trial-ExtraBold.ttf */ = {isa = PBXFileReference; name = "Nexa-Trial-ExtraBold.ttf"; path = "../src/assets/fonts/Nexa-Trial-ExtraBold.ttf"; sourceTree = "<group>"; fileEncoding = undefined; lastKnownFileType = unknown; explicitFileType = undefined; includeInIndex = 0; };
		D2E97513FAFE466592963135 /* Nexa-Trial-ExtraBoldItalic.ttf */ = {isa = PBXFileReference; name = "Nexa-Trial-ExtraBoldItalic.ttf"; path = "../src/assets/fonts/Nexa-Trial-ExtraBoldItalic.ttf"; sourceTree = "<group>"; fileEncoding = undefined; lastKnownFileType = unknown; explicitFileType = undefined; includeInIndex = 0; };
		9DFA6239D58E468BAFFEF15F /* Nexa-Trial-ExtraLight.ttf */ = {isa = PBXFileReference; name = "Nexa-Trial-ExtraLight.ttf"; path = "../src/assets/fonts/Nexa-Trial-ExtraLight.ttf"; sourceTree = "<group>"; fileEncoding = undefined; lastKnownFileType = unknown; explicitFileType = undefined; includeInIndex = 0; };
		102201D1FE9249348D9699FD /* Nexa-Trial-ExtraLightItalic.ttf */ = {isa = PBXFileReference; name = "Nexa-Trial-ExtraLightItalic.ttf"; path = "../src/assets/fonts/Nexa-Trial-ExtraLightItalic.ttf"; sourceTree = "<group>"; fileEncoding = undefined; lastKnownFileType = unknown; explicitFileType = undefined; includeInIndex = 0; };
		5B74797250EF4417BFB0657F /* Nexa-Trial-Heavy.ttf */ = {isa = PBXFileReference; name = "Nexa-Trial-Heavy.ttf"; path = "../src/assets/fonts/Nexa-Trial-Heavy.ttf"; sourceTree = "<group>"; fileEncoding = undefined; lastKnownFileType = unknown; explicitFileType = undefined; includeInIndex = 0; };
		BB606EBDFF584A99BE55C315 /* Nexa-Trial-HeavyItalic.ttf */ = {isa = PBXFileReference; name = "Nexa-Trial-HeavyItalic.ttf"; path = "../src/assets/fonts/Nexa-Trial-HeavyItalic.ttf"; sourceTree = "<group>"; fileEncoding = undefined; lastKnownFileType = unknown; explicitFileType = undefined; includeInIndex = 0; };
		4514E823E9024B809C59B257 /* Nexa-Trial-Light.ttf */ = {isa = PBXFileReference; name = "Nexa-Trial-Light.ttf"; path = "../src/assets/fonts/Nexa-Trial-Light.ttf"; sourceTree = "<group>"; fileEncoding = undefined; lastKnownFileType = unknown; explicitFileType = undefined; includeInIndex = 0; };
		BC90FFBF0AE44E5A864CF2E0 /* Nexa-Trial-LightItalic.ttf */ = {isa = PBXFileReference; name = "Nexa-Trial-LightItalic.ttf"; path = "../src/assets/fonts/Nexa-Trial-LightItalic.ttf"; sourceTree = "<group>"; fileEncoding = undefined; lastKnownFileType = unknown; explicitFileType = undefined; includeInIndex = 0; };
		8CE81C491F6644CD8EF04748 /* Nexa-Trial-Regular.ttf */ = {isa = PBXFileReference; name = "Nexa-Trial-Regular.ttf"; path = "../src/assets/fonts/Nexa-Trial-Regular.ttf"; sourceTree = "<group>"; fileEncoding = undefined; lastKnownFileType = unknown; explicitFileType = undefined; includeInIndex = 0; };
		B5077A8BE61A4071AED25AF5 /* Nexa-Trial-RegularItalic.ttf */ = {isa = PBXFileReference; name = "Nexa-Trial-RegularItalic.ttf"; path = "../src/assets/fonts/Nexa-Trial-RegularItalic.ttf"; sourceTree = "<group>"; fileEncoding = undefined; lastKnownFileType = unknown; explicitFileType = undefined; includeInIndex = 0; };
		F2F341444F8849B1A3595E4B /* Nexa-Trial-Thin.ttf */ = {isa = PBXFileReference; name = "Nexa-Trial-Thin.ttf"; path = "../src/assets/fonts/Nexa-Trial-Thin.ttf"; sourceTree = "<group>"; fileEncoding = undefined; lastKnownFileType = unknown; explicitFileType = undefined; includeInIndex = 0; };
		17680B9AF7264C24B723C0D0 /* Nexa-Trial-ThinItalic.ttf */ = {isa = PBXFileReference; name = "Nexa-Trial-ThinItalic.ttf"; path = "../src/assets/fonts/Nexa-Trial-ThinItalic.ttf"; sourceTree = "<group>"; fileEncoding = undefined; lastKnownFileType = unknown; explicitFileType = undefined; includeInIndex = 0; };
		FB6391DD4A8A460687BC4043 /* NexaText-Trial-Black.ttf */ = {isa = PBXFileReference; name = "NexaText-Trial-Black.ttf"; path = "../src/assets/fonts/NexaText-Trial-Black.ttf"; sourceTree = "<group>"; fileEncoding = undefined; lastKnownFileType = unknown; explicitFileType = undefined; includeInIndex = 0; };
		B4CB2A967E294B56935505B9 /* NexaText-Trial-BlackItalic.ttf */ = {isa = PBXFileReference; name = "NexaText-Trial-BlackItalic.ttf"; path = "../src/assets/fonts/NexaText-Trial-BlackItalic.ttf"; sourceTree = "<group>"; fileEncoding = undefined; lastKnownFileType = unknown; explicitFileType = undefined; includeInIndex = 0; };
		1A5CE3FC101945C882DABAF8 /* NexaText-Trial-Bold.ttf */ = {isa = PBXFileReference; name = "NexaText-Trial-Bold.ttf"; path = "../src/assets/fonts/NexaText-Trial-Bold.ttf"; sourceTree = "<group>"; fileEncoding = undefined; lastKnownFileType = unknown; explicitFileType = undefined; includeInIndex = 0; };
		9631926B06F84FCBBABC803F /* NexaText-Trial-BoldItalic.ttf */ = {isa = PBXFileReference; name = "NexaText-Trial-BoldItalic.ttf"; path = "../src/assets/fonts/NexaText-Trial-BoldItalic.ttf"; sourceTree = "<group>"; fileEncoding = undefined; lastKnownFileType = unknown; explicitFileType = undefined; includeInIndex = 0; };
		3B4AA0B96B654EE48378B868 /* NexaText-Trial-Book.ttf */ = {isa = PBXFileReference; name = "NexaText-Trial-Book.ttf"; path = "../src/assets/fonts/NexaText-Trial-Book.ttf"; sourceTree = "<group>"; fileEncoding = undefined; lastKnownFileType = unknown; explicitFileType = undefined; includeInIndex = 0; };
		593EEFB8D54F4D90B7D7D2DB /* NexaText-Trial-BookItalic.ttf */ = {isa = PBXFileReference; name = "NexaText-Trial-BookItalic.ttf"; path = "../src/assets/fonts/NexaText-Trial-BookItalic.ttf"; sourceTree = "<group>"; fileEncoding = undefined; lastKnownFileType = unknown; explicitFileType = undefined; includeInIndex = 0; };
		FAD7B120A75D4EC8ACD18E63 /* NexaText-Trial-ExtraBold.ttf */ = {isa = PBXFileReference; name = "NexaText-Trial-ExtraBold.ttf"; path = "../src/assets/fonts/NexaText-Trial-ExtraBold.ttf"; sourceTree = "<group>"; fileEncoding = undefined; lastKnownFileType = unknown; explicitFileType = undefined; includeInIndex = 0; };
		5211C8F111F14263A8A952F4 /* NexaText-Trial-ExtraBoldItalic.ttf */ = {isa = PBXFileReference; name = "NexaText-Trial-ExtraBoldItalic.ttf"; path = "../src/assets/fonts/NexaText-Trial-ExtraBoldItalic.ttf"; sourceTree = "<group>"; fileEncoding = undefined; lastKnownFileType = unknown; explicitFileType = undefined; includeInIndex = 0; };
		DCD957668EEB4FAA9C0838F5 /* NexaText-Trial-ExtraLight.ttf */ = {isa = PBXFileReference; name = "NexaText-Trial-ExtraLight.ttf"; path = "../src/assets/fonts/NexaText-Trial-ExtraLight.ttf"; sourceTree = "<group>"; fileEncoding = undefined; lastKnownFileType = unknown; explicitFileType = undefined; includeInIndex = 0; };
		DD8C9B11B9C04876BAD255D0 /* NexaText-Trial-ExtraLightItalic.ttf */ = {isa = PBXFileReference; name = "NexaText-Trial-ExtraLightItalic.ttf"; path = "../src/assets/fonts/NexaText-Trial-ExtraLightItalic.ttf"; sourceTree = "<group>"; fileEncoding = undefined; lastKnownFileType = unknown; explicitFileType = undefined; includeInIndex = 0; };
		D7B0B3E07ED643E6A741497C /* NexaText-Trial-Heavy.ttf */ = {isa = PBXFileReference; name = "NexaText-Trial-Heavy.ttf"; path = "../src/assets/fonts/NexaText-Trial-Heavy.ttf"; sourceTree = "<group>"; fileEncoding = undefined; lastKnownFileType = unknown; explicitFileType = undefined; includeInIndex = 0; };
		BA9D111BB1E04468A8443E18 /* NexaText-Trial-HeavyItalic.ttf */ = {isa = PBXFileReference; name = "NexaText-Trial-HeavyItalic.ttf"; path = "../src/assets/fonts/NexaText-Trial-HeavyItalic.ttf"; sourceTree = "<group>"; fileEncoding = undefined; lastKnownFileType = unknown; explicitFileType = undefined; includeInIndex = 0; };
		AE9418BB326A423ABEC7C071 /* NexaText-Trial-Light.ttf */ = {isa = PBXFileReference; name = "NexaText-Trial-Light.ttf"; path = "../src/assets/fonts/NexaText-Trial-Light.ttf"; sourceTree = "<group>"; fileEncoding = undefined; lastKnownFileType = unknown; explicitFileType = undefined; includeInIndex = 0; };
		6E577CAA286848559A850CD3 /* NexaText-Trial-LightItalic.ttf */ = {isa = PBXFileReference; name = "NexaText-Trial-LightItalic.ttf"; path = "../src/assets/fonts/NexaText-Trial-LightItalic.ttf"; sourceTree = "<group>"; fileEncoding = undefined; lastKnownFileType = unknown; explicitFileType = undefined; includeInIndex = 0; };
		4BDB1380C661406B8E9201E0 /* NexaText-Trial-Regular.ttf */ = {isa = PBXFileReference; name = "NexaText-Trial-Regular.ttf"; path = "../src/assets/fonts/NexaText-Trial-Regular.ttf"; sourceTree = "<group>"; fileEncoding = undefined; lastKnownFileType = unknown; explicitFileType = undefined; includeInIndex = 0; };
		9E933FC8B86848AC9336E39D /* NexaText-Trial-RegularItalic.ttf */ = {isa = PBXFileReference; name = "NexaText-Trial-RegularItalic.ttf"; path = "../src/assets/fonts/NexaText-Trial-RegularItalic.ttf"; sourceTree = "<group>"; fileEncoding = undefined; lastKnownFileType = unknown; explicitFileType = undefined; includeInIndex = 0; };
		8D33260A10CD4786BF838E78 /* NexaText-Trial-Thin.ttf */ = {isa = PBXFileReference; name = "NexaText-Trial-Thin.ttf"; path = "../src/assets/fonts/NexaText-Trial-Thin.ttf"; sourceTree = "<group>"; fileEncoding = undefined; lastKnownFileType = unknown; explicitFileType = undefined; includeInIndex = 0; };
		6A4762964CF447EFB56961C6 /* NexaText-Trial-ThinItalic.ttf */ = {isa = PBXFileReference; name = "NexaText-Trial-ThinItalic.ttf"; path = "../src/assets/fonts/NexaText-Trial-ThinItalic.ttf"; sourceTree = "<group>"; fileEncoding = undefined; lastKnownFileType = unknown; explicitFileType = undefined; includeInIndex = 0; };
		9FBC90BF8AA24E0C94720485 /* SEGOEUI.TTF */ = {isa = PBXFileReference; name = "SEGOEUI.TTF"; path = "../src/assets/fonts/SEGOEUI.TTF"; sourceTree = "<group>"; fileEncoding = undefined; lastKnownFileType = unknown; explicitFileType = undefined; includeInIndex = 0; };
		827D427204884A1AAA5F5A39 /* NexaBlack.otf */ = {isa = PBXFileReference; name = "NexaBlack.otf"; path = "../src/assets/fonts/NexaBlack.otf"; sourceTree = "<group>"; fileEncoding = undefined; lastKnownFileType = unknown; explicitFileType = undefined; includeInIndex = 0; };
		137878C5BF8D4686BFDB5E98 /* NexaBlackItalic.otf */ = {isa = PBXFileReference; name = "NexaBlackItalic.otf"; path = "../src/assets/fonts/NexaBlackItalic.otf"; sourceTree = "<group>"; fileEncoding = undefined; lastKnownFileType = unknown; explicitFileType = undefined; includeInIndex = 0; };
		8340FDE6292047FF9BBEA62E /* NexaBold.otf */ = {isa = PBXFileReference; name = "NexaBold.otf"; path = "../src/assets/fonts/NexaBold.otf"; sourceTree = "<group>"; fileEncoding = undefined; lastKnownFileType = unknown; explicitFileType = undefined; includeInIndex = 0; };
		8BA46239CD8249E4AF2484F1 /* NexaBoldItalic.otf */ = {isa = PBXFileReference; name = "NexaBoldItalic.otf"; path = "../src/assets/fonts/NexaBoldItalic.otf"; sourceTree = "<group>"; fileEncoding = undefined; lastKnownFileType = unknown; explicitFileType = undefined; includeInIndex = 0; };
		403FD2BC93FA4181BFBCC077 /* NexaBook.otf */ = {isa = PBXFileReference; name = "NexaBook.otf"; path = "../src/assets/fonts/NexaBook.otf"; sourceTree = "<group>"; fileEncoding = undefined; lastKnownFileType = unknown; explicitFileType = undefined; includeInIndex = 0; };
		23FB3E5DF7FD4186BD5D2100 /* NexaBookItalic.otf */ = {isa = PBXFileReference; name = "NexaBookItalic.otf"; path = "../src/assets/fonts/NexaBookItalic.otf"; sourceTree = "<group>"; fileEncoding = undefined; lastKnownFileType = unknown; explicitFileType = undefined; includeInIndex = 0; };
		FEEA8CC3F3064C5A8834051E /* NexaHeavy.otf */ = {isa = PBXFileReference; name = "NexaHeavy.otf"; path = "../src/assets/fonts/NexaHeavy.otf"; sourceTree = "<group>"; fileEncoding = undefined; lastKnownFileType = unknown; explicitFileType = undefined; includeInIndex = 0; };
		AD40660F282C4F958A21CEC3 /* NexaHeavyItalic.otf */ = {isa = PBXFileReference; name = "NexaHeavyItalic.otf"; path = "../src/assets/fonts/NexaHeavyItalic.otf"; sourceTree = "<group>"; fileEncoding = undefined; lastKnownFileType = unknown; explicitFileType = undefined; includeInIndex = 0; };
		87D2C23D4AC34CB3B204CEAA /* NexaLight.otf */ = {isa = PBXFileReference; name = "NexaLight.otf"; path = "../src/assets/fonts/NexaLight.otf"; sourceTree = "<group>"; fileEncoding = undefined; lastKnownFileType = unknown; explicitFileType = undefined; includeInIndex = 0; };
		0DD4228F7E7F434291F1EAED /* NexaLightItalic.otf */ = {isa = PBXFileReference; name = "NexaLightItalic.otf"; path = "../src/assets/fonts/NexaLightItalic.otf"; sourceTree = "<group>"; fileEncoding = undefined; lastKnownFileType = unknown; explicitFileType = undefined; includeInIndex = 0; };
		CD649AAE32044875903B14B0 /* NexaRegular.otf */ = {isa = PBXFileReference; name = "NexaRegular.otf"; path = "../src/assets/fonts/NexaRegular.otf"; sourceTree = "<group>"; fileEncoding = undefined; lastKnownFileType = unknown; explicitFileType = undefined; includeInIndex = 0; };
		CFC2AA1E2EAA44E288B01655 /* NexaRegularItalic.otf */ = {isa = PBXFileReference; name = "NexaRegularItalic.otf"; path = "../src/assets/fonts/NexaRegularItalic.otf"; sourceTree = "<group>"; fileEncoding = undefined; lastKnownFileType = unknown; explicitFileType = undefined; includeInIndex = 0; };
		EE3D879BB08D469891CFFBF0 /* NexaThin.otf */ = {isa = PBXFileReference; name = "NexaThin.otf"; path = "../src/assets/fonts/NexaThin.otf"; sourceTree = "<group>"; fileEncoding = undefined; lastKnownFileType = unknown; explicitFileType = undefined; includeInIndex = 0; };
		8671E51A234C49F3A56B6922 /* NexaThinItalic.otf */ = {isa = PBXFileReference; name = "NexaThinItalic.otf"; path = "../src/assets/fonts/NexaThinItalic.otf"; sourceTree = "<group>"; fileEncoding = undefined; lastKnownFileType = unknown; explicitFileType = undefined; includeInIndex = 0; };
		60775D35420047CAAAD34BC3 /* NexaXBold.otf */ = {isa = PBXFileReference; name = "NexaXBold.otf"; path = "../src/assets/fonts/NexaXBold.otf"; sourceTree = "<group>"; fileEncoding = undefined; lastKnownFileType = unknown; explicitFileType = undefined; includeInIndex = 0; };
		96A8DB93C9A949EFA17D4F5C /* NexaXBoldItalic.otf */ = {isa = PBXFileReference; name = "NexaXBoldItalic.otf"; path = "../src/assets/fonts/NexaXBoldItalic.otf"; sourceTree = "<group>"; fileEncoding = undefined; lastKnownFileType = unknown; explicitFileType = undefined; includeInIndex = 0; };
/* End PBXFileReference section */

/* Begin PBXFrameworksBuildPhase section */
		00E356EB1AD99517003FC87E /* Frameworks */ = {
			isa = PBXFrameworksBuildPhase;
			buildActionMask = 2147483647;
			files = (
				7699B88040F8A987B510C191 /* libPods-Outsidee-OutsideeTests.a in Frameworks */,
			);
			runOnlyForDeploymentPostprocessing = 0;
		};
		13B07F8C1A680F5B00A75B9A /* Frameworks */ = {
			isa = PBXFrameworksBuildPhase;
			buildActionMask = 2147483647;
			files = (
				0C80B921A6F3F58F76C31292 /* libPods-Outsidee.a in Frameworks */,
				ABF707032A155AFE00276849 /* StoreKit.framework in Frameworks */,
			);
			runOnlyForDeploymentPostprocessing = 0;
		};
/* End PBXFrameworksBuildPhase section */

/* Begin PBXGroup section */
		00E356EF1AD99517003FC87E /* OutsideeTests */ = {
			isa = PBXGroup;
			children = (
				00E356F21AD99517003FC87E /* OutsideeTests.m */,
				00E356F01AD99517003FC87E /* Supporting Files */,
			);
			path = OutsideeTests;
			sourceTree = "<group>";
		};
		00E356F01AD99517003FC87E /* Supporting Files */ = {
			isa = PBXGroup;
			children = (
				00E356F11AD99517003FC87E /* Info.plist */,
			);
			name = "Supporting Files";
			sourceTree = "<group>";
		};
		13B07FAE1A68108700A75B9A /* Outsidee */ = {
			isa = PBXGroup;
			children = (
				5C11CFCF2A0487A400E02DB9 /* GoogleService-Info.plist */,
				5C11CFCE2A04878F00E02DB9 /* Outsidee.entitlements */,
				13B07FAF1A68108700A75B9A /* AppDelegate.h */,
				13B07FB01A68108700A75B9A /* AppDelegate.mm */,
				13B07FB51A68108700A75B9A /* Images.xcassets */,
				13B07FB61A68108700A75B9A /* Info.plist */,
				81AB9BB72411601600AC10FF /* LaunchScreen.storyboard */,
				13B07FB71A68108700A75B9A /* main.m */,
			);
			name = Outsidee;
			sourceTree = "<group>";
		};
		2D16E6871FA4F8E400B85C8A /* Frameworks */ = {
			isa = PBXGroup;
			children = (
				ABF707022A155AFE00276849 /* StoreKit.framework */,
				ED297162215061F000B7C4FE /* JavaScriptCore.framework */,
				5DCACB8F33CDC322A6C60F78 /* libPods-Outsidee.a */,
				19F6CBCC0A4E27FBF8BF4A61 /* libPods-Outsidee-OutsideeTests.a */,
			);
			name = Frameworks;
			sourceTree = "<group>";
		};
		832341AE1AAA6A7D00B99B32 /* Libraries */ = {
			isa = PBXGroup;
			children = (
			);
			name = Libraries;
			sourceTree = "<group>";
		};
		83CBB9F61A601CBA00E9B192 = {
			isa = PBXGroup;
			children = (
				13B07FAE1A68108700A75B9A /* Outsidee */,
				832341AE1AAA6A7D00B99B32 /* Libraries */,
				00E356EF1AD99517003FC87E /* OutsideeTests */,
				83CBBA001A601CBA00E9B192 /* Products */,
				2D16E6871FA4F8E400B85C8A /* Frameworks */,
				BBD78D7AC51CEA395F1C20DB /* Pods */,
				E1D20C8E92FF4B12A1442B95 /* Resources */,
			);
			indentWidth = 2;
			sourceTree = "<group>";
			tabWidth = 2;
			usesTabs = 0;
		};
		83CBBA001A601CBA00E9B192 /* Products */ = {
			isa = PBXGroup;
			children = (
				13B07F961A680F5B00A75B9A /* Outsidee.app */,
				00E356EE1AD99517003FC87E /* OutsideeTests.xctest */,
			);
			name = Products;
			sourceTree = "<group>";
		};
		BBD78D7AC51CEA395F1C20DB /* Pods */ = {
			isa = PBXGroup;
			children = (
				3B4392A12AC88292D35C810B /* Pods-Outsidee.debug.xcconfig */,
				5709B34CF0A7D63546082F79 /* Pods-Outsidee.release.xcconfig */,
				5B7EB9410499542E8C5724F5 /* Pods-Outsidee-OutsideeTests.debug.xcconfig */,
				89C6BE57DB24E9ADA2F236DE /* Pods-Outsidee-OutsideeTests.release.xcconfig */,
			);
			path = Pods;
			sourceTree = "<group>";
		};
		E1D20C8E92FF4B12A1442B95 /* Resources */ = {
			isa = "PBXGroup";
			children = (
				334B04926FFD446E887734D9 /* Nexa-Trial-Black.ttf */,
				F374705ED7104ECDAFDA94F8 /* Nexa-Trial-BlackItalic.ttf */,
				2F73B612DFC343809AC46D3F /* Nexa-Trial-Bold.ttf */,
				25E99E8504BA4A2FA711EEA4 /* Nexa-Trial-BoldItalic.ttf */,
				0B3058154EA14259B83100A0 /* Nexa-Trial-Book.ttf */,
				FEA568C0F9A849BEB77AE454 /* Nexa-Trial-BookItalic.ttf */,
				97AED9004F0B48A68A8AEFC7 /* Nexa-Trial-ExtraBold.ttf */,
				D2E97513FAFE466592963135 /* Nexa-Trial-ExtraBoldItalic.ttf */,
				9DFA6239D58E468BAFFEF15F /* Nexa-Trial-ExtraLight.ttf */,
				102201D1FE9249348D9699FD /* Nexa-Trial-ExtraLightItalic.ttf */,
				5B74797250EF4417BFB0657F /* Nexa-Trial-Heavy.ttf */,
				BB606EBDFF584A99BE55C315 /* Nexa-Trial-HeavyItalic.ttf */,
				4514E823E9024B809C59B257 /* Nexa-Trial-Light.ttf */,
				BC90FFBF0AE44E5A864CF2E0 /* Nexa-Trial-LightItalic.ttf */,
				8CE81C491F6644CD8EF04748 /* Nexa-Trial-Regular.ttf */,
				B5077A8BE61A4071AED25AF5 /* Nexa-Trial-RegularItalic.ttf */,
				F2F341444F8849B1A3595E4B /* Nexa-Trial-Thin.ttf */,
				17680B9AF7264C24B723C0D0 /* Nexa-Trial-ThinItalic.ttf */,
				FB6391DD4A8A460687BC4043 /* NexaText-Trial-Black.ttf */,
				B4CB2A967E294B56935505B9 /* NexaText-Trial-BlackItalic.ttf */,
				1A5CE3FC101945C882DABAF8 /* NexaText-Trial-Bold.ttf */,
				9631926B06F84FCBBABC803F /* NexaText-Trial-BoldItalic.ttf */,
				3B4AA0B96B654EE48378B868 /* NexaText-Trial-Book.ttf */,
				593EEFB8D54F4D90B7D7D2DB /* NexaText-Trial-BookItalic.ttf */,
				FAD7B120A75D4EC8ACD18E63 /* NexaText-Trial-ExtraBold.ttf */,
				5211C8F111F14263A8A952F4 /* NexaText-Trial-ExtraBoldItalic.ttf */,
				DCD957668EEB4FAA9C0838F5 /* NexaText-Trial-ExtraLight.ttf */,
				DD8C9B11B9C04876BAD255D0 /* NexaText-Trial-ExtraLightItalic.ttf */,
				D7B0B3E07ED643E6A741497C /* NexaText-Trial-Heavy.ttf */,
				BA9D111BB1E04468A8443E18 /* NexaText-Trial-HeavyItalic.ttf */,
				AE9418BB326A423ABEC7C071 /* NexaText-Trial-Light.ttf */,
				6E577CAA286848559A850CD3 /* NexaText-Trial-LightItalic.ttf */,
				4BDB1380C661406B8E9201E0 /* NexaText-Trial-Regular.ttf */,
				9E933FC8B86848AC9336E39D /* NexaText-Trial-RegularItalic.ttf */,
				8D33260A10CD4786BF838E78 /* NexaText-Trial-Thin.ttf */,
				6A4762964CF447EFB56961C6 /* NexaText-Trial-ThinItalic.ttf */,
				9FBC90BF8AA24E0C94720485 /* SEGOEUI.TTF */,
				827D427204884A1AAA5F5A39 /* NexaBlack.otf */,
				137878C5BF8D4686BFDB5E98 /* NexaBlackItalic.otf */,
				8340FDE6292047FF9BBEA62E /* NexaBold.otf */,
				8BA46239CD8249E4AF2484F1 /* NexaBoldItalic.otf */,
				403FD2BC93FA4181BFBCC077 /* NexaBook.otf */,
				23FB3E5DF7FD4186BD5D2100 /* NexaBookItalic.otf */,
				FEEA8CC3F3064C5A8834051E /* NexaHeavy.otf */,
				AD40660F282C4F958A21CEC3 /* NexaHeavyItalic.otf */,
				87D2C23D4AC34CB3B204CEAA /* NexaLight.otf */,
				0DD4228F7E7F434291F1EAED /* NexaLightItalic.otf */,
				CD649AAE32044875903B14B0 /* NexaRegular.otf */,
				CFC2AA1E2EAA44E288B01655 /* NexaRegularItalic.otf */,
				EE3D879BB08D469891CFFBF0 /* NexaThin.otf */,
				8671E51A234C49F3A56B6922 /* NexaThinItalic.otf */,
				60775D35420047CAAAD34BC3 /* NexaXBold.otf */,
				96A8DB93C9A949EFA17D4F5C /* NexaXBoldItalic.otf */,
			);
			name = Resources;
			sourceTree = "<group>";
			path = "";
		};
/* End PBXGroup section */

/* Begin PBXNativeTarget section */
		00E356ED1AD99517003FC87E /* OutsideeTests */ = {
			isa = PBXNativeTarget;
			buildConfigurationList = 00E357021AD99517003FC87E /* Build configuration list for PBXNativeTarget "OutsideeTests" */;
			buildPhases = (
				A55EABD7B0C7F3A422A6CC61 /* [CP] Check Pods Manifest.lock */,
				00E356EA1AD99517003FC87E /* Sources */,
				00E356EB1AD99517003FC87E /* Frameworks */,
				00E356EC1AD99517003FC87E /* Resources */,
				C59DA0FBD6956966B86A3779 /* [CP] Embed Pods Frameworks */,
				F6A41C54EA430FDDC6A6ED99 /* [CP] Copy Pods Resources */,
			);
			buildRules = (
			);
			dependencies = (
				00E356F51AD99517003FC87E /* PBXTargetDependency */,
			);
			name = OutsideeTests;
			productName = OutsideeTests;
			productReference = 00E356EE1AD99517003FC87E /* OutsideeTests.xctest */;
			productType = "com.apple.product-type.bundle.unit-test";
		};
		13B07F861A680F5B00A75B9A /* Outsidee */ = {
			isa = PBXNativeTarget;
			buildConfigurationList = 13B07F931A680F5B00A75B9A /* Build configuration list for PBXNativeTarget "Outsidee" */;
			buildPhases = (
				C38B50BA6285516D6DCD4F65 /* [CP] Check Pods Manifest.lock */,
				FD10A7F022414F080027D42C /* Start Packager */,
				13B07F871A680F5B00A75B9A /* Sources */,
				13B07F8C1A680F5B00A75B9A /* Frameworks */,
				13B07F8E1A680F5B00A75B9A /* Resources */,
				00DD1BFF1BD5951E006B06BC /* Bundle React Native code and images */,
				00EEFC60759A1932668264C0 /* [CP] Embed Pods Frameworks */,
				E235C05ADACE081382539298 /* [CP] Copy Pods Resources */,
				57D10C3C1935C02013200D75 /* [CP-User] [RNFB] Core Configuration */,
			);
			buildRules = (
			);
			dependencies = (
			);
			name = Outsidee;
			productName = Outsidee;
			productReference = 13B07F961A680F5B00A75B9A /* Outsidee.app */;
			productType = "com.apple.product-type.application";
		};
/* End PBXNativeTarget section */

/* Begin PBXProject section */
		83CBB9F71A601CBA00E9B192 /* Project object */ = {
			isa = PBXProject;
			attributes = {
				LastUpgradeCheck = 1210;
				TargetAttributes = {
					00E356ED1AD99517003FC87E = {
						CreatedOnToolsVersion = 6.2;
						TestTargetID = 13B07F861A680F5B00A75B9A;
					};
					13B07F861A680F5B00A75B9A = {
						LastSwiftMigration = 1120;
					};
				};
			};
			buildConfigurationList = 83CBB9FA1A601CBA00E9B192 /* Build configuration list for PBXProject "Outsidee" */;
			compatibilityVersion = "Xcode 12.0";
			developmentRegion = en;
			hasScannedForEncodings = 0;
			knownRegions = (
				en,
				Base,
			);
			mainGroup = 83CBB9F61A601CBA00E9B192;
			productRefGroup = 83CBBA001A601CBA00E9B192 /* Products */;
			projectDirPath = "";
			projectRoot = "";
			targets = (
				13B07F861A680F5B00A75B9A /* Outsidee */,
				00E356ED1AD99517003FC87E /* OutsideeTests */,
			);
		};
/* End PBXProject section */

/* Begin PBXResourcesBuildPhase section */
		00E356EC1AD99517003FC87E /* Resources */ = {
			isa = PBXResourcesBuildPhase;
			buildActionMask = 2147483647;
			files = (
			);
			runOnlyForDeploymentPostprocessing = 0;
		};
		13B07F8E1A680F5B00A75B9A /* Resources */ = {
			isa = PBXResourcesBuildPhase;
			buildActionMask = 2147483647;
			files = (
				81AB9BB82411601600AC10FF /* LaunchScreen.storyboard in Resources */,
				13B07FBF1A68108700A75B9A /* Images.xcassets in Resources */,
				5C11CFD02A0487A400E02DB9 /* GoogleService-Info.plist in Resources */,
				AACC5A9108774EC7B7590032 /* Nexa-Trial-Black.ttf in Resources */,
				4EED6845B6C442EE9D5D54C9 /* Nexa-Trial-BlackItalic.ttf in Resources */,
				CD99A0031C1349A994BA7D3D /* Nexa-Trial-Bold.ttf in Resources */,
				CEBBF30473444477B4623CD2 /* Nexa-Trial-BoldItalic.ttf in Resources */,
				F0E61012AEC64501A4BC7D4C /* Nexa-Trial-Book.ttf in Resources */,
				F1624623D1AB4645BB560ABF /* Nexa-Trial-BookItalic.ttf in Resources */,
				783E15706AB1495D9DEA3234 /* Nexa-Trial-ExtraBold.ttf in Resources */,
				73ECA1711D4B417B8CE502AB /* Nexa-Trial-ExtraBoldItalic.ttf in Resources */,
				5EBBF1E0ABAF40389B52B7AA /* Nexa-Trial-ExtraLight.ttf in Resources */,
				1AD388CEF33A479E917FF0A4 /* Nexa-Trial-ExtraLightItalic.ttf in Resources */,
				264FC9A729D6489EA31BC7CB /* Nexa-Trial-Heavy.ttf in Resources */,
				E771A534317A40AAA9E2245A /* Nexa-Trial-HeavyItalic.ttf in Resources */,
				87AFC36827EE48E39ABB9369 /* Nexa-Trial-Light.ttf in Resources */,
				40789BD60843476C8DB5F014 /* Nexa-Trial-LightItalic.ttf in Resources */,
				E4FAFC034D4D4358B17EF4C5 /* Nexa-Trial-Regular.ttf in Resources */,
				721751E896B34BF9BCDB0C36 /* Nexa-Trial-RegularItalic.ttf in Resources */,
				D4FC87FEDC944B45A9C8ACC8 /* Nexa-Trial-Thin.ttf in Resources */,
				4C02C42BEA384D209B98E53D /* Nexa-Trial-ThinItalic.ttf in Resources */,
				21A9292E04764C5B9EA62740 /* NexaText-Trial-Black.ttf in Resources */,
				8E9EBCC011D44114827D1AFD /* NexaText-Trial-BlackItalic.ttf in Resources */,
				BC9E111FB0B44DBFA5D1FA21 /* NexaText-Trial-Bold.ttf in Resources */,
				69A39C530D144625A03E5054 /* NexaText-Trial-BoldItalic.ttf in Resources */,
				7D5C39EDF8FB4A65BDE7914F /* NexaText-Trial-Book.ttf in Resources */,
				85BA6C69234D4FC680BC49ED /* NexaText-Trial-BookItalic.ttf in Resources */,
				5BE0E89A0B914F54B3AFBABB /* NexaText-Trial-ExtraBold.ttf in Resources */,
				70B118C46712421196796FA5 /* NexaText-Trial-ExtraBoldItalic.ttf in Resources */,
				B76E417A3E674C439CCD644F /* NexaText-Trial-ExtraLight.ttf in Resources */,
				1F5AEEB0954F4B81964CB72A /* NexaText-Trial-ExtraLightItalic.ttf in Resources */,
				29BC2F4C61844BCE99B57E4A /* NexaText-Trial-Heavy.ttf in Resources */,
				36BD5A0D58A14D4AA5BE9BCF /* NexaText-Trial-HeavyItalic.ttf in Resources */,
				AA2C93C255B44196AD5CAF4F /* NexaText-Trial-Light.ttf in Resources */,
				7524B2C03FCB4E649878C4B1 /* NexaText-Trial-LightItalic.ttf in Resources */,
				35787033122F4EA9807D1010 /* NexaText-Trial-Regular.ttf in Resources */,
				D4D25AEB59144FF09D4A4488 /* NexaText-Trial-RegularItalic.ttf in Resources */,
				82F7685ECA86493FAF2B7922 /* NexaText-Trial-Thin.ttf in Resources */,
				EAC29153C2F3466C8546BDAC /* NexaText-Trial-ThinItalic.ttf in Resources */,
				E6951486ED084E73B32985FC /* SEGOEUI.TTF in Resources */,
				CFEC68C962E740A0B38B4EFE /* NexaBlack.otf in Resources */,
				4FCC458E7FE541D6873B54E6 /* NexaBlackItalic.otf in Resources */,
				191127A30EDA4CCCA54A1D6E /* NexaBold.otf in Resources */,
				E213D414281940EAA1F7CEC1 /* NexaBoldItalic.otf in Resources */,
				721355957FA44349999789FA /* NexaBook.otf in Resources */,
				E9901A4796354F7DBDD487B7 /* NexaBookItalic.otf in Resources */,
				AD892C305F2F4DB5B2F50C88 /* NexaHeavy.otf in Resources */,
				E224E6F15CC7479E983C79E2 /* NexaHeavyItalic.otf in Resources */,
				EE0CE2F3A0904B1A939C6FBC /* NexaLight.otf in Resources */,
				CE20809D921E43A1B8C1FB4D /* NexaLightItalic.otf in Resources */,
				9074BD9E81EB4EBB8404C708 /* NexaRegular.otf in Resources */,
				28924E3CAEBC44878123122F /* NexaRegularItalic.otf in Resources */,
				49732D0274DE4204A22C8EBA /* NexaThin.otf in Resources */,
				57C600ADECDA4159BB28A0BF /* NexaThinItalic.otf in Resources */,
				F5A2896FA92D46D08980B15C /* NexaXBold.otf in Resources */,
				3A6037967447410895852E08 /* NexaXBoldItalic.otf in Resources */,
			);
			runOnlyForDeploymentPostprocessing = 0;
		};
/* End PBXResourcesBuildPhase section */

/* Begin PBXShellScriptBuildPhase section */
		00DD1BFF1BD5951E006B06BC /* Bundle React Native code and images */ = {
			isa = PBXShellScriptBuildPhase;
			buildActionMask = 2147483647;
			files = (
			);
			inputPaths = (
			);
			name = "Bundle React Native code and images";
			outputPaths = (
			);
			runOnlyForDeploymentPostprocessing = 0;
			shellPath = /bin/sh;
			shellScript = "set -e\n\nexport NODE_BINARY=node\n../node_modules/react-native/scripts/react-native-xcode.sh\n";
		};
		00EEFC60759A1932668264C0 /* [CP] Embed Pods Frameworks */ = {
			isa = PBXShellScriptBuildPhase;
			buildActionMask = 2147483647;
			files = (
			);
			inputFileListPaths = (
				"${PODS_ROOT}/Target Support Files/Pods-Outsidee/Pods-Outsidee-frameworks-${CONFIGURATION}-input-files.xcfilelist",
			);
			name = "[CP] Embed Pods Frameworks";
			outputFileListPaths = (
				"${PODS_ROOT}/Target Support Files/Pods-Outsidee/Pods-Outsidee-frameworks-${CONFIGURATION}-output-files.xcfilelist",
			);
			runOnlyForDeploymentPostprocessing = 0;
			shellPath = /bin/sh;
			shellScript = "\"${PODS_ROOT}/Target Support Files/Pods-Outsidee/Pods-Outsidee-frameworks.sh\"\n";
			showEnvVarsInLog = 0;
		};
		57D10C3C1935C02013200D75 /* [CP-User] [RNFB] Core Configuration */ = {
			isa = PBXShellScriptBuildPhase;
			buildActionMask = 2147483647;
			files = (
			);
			inputPaths = (
				"$(BUILT_PRODUCTS_DIR)/$(INFOPLIST_PATH)",
			);
			name = "[CP-User] [RNFB] Core Configuration";
			runOnlyForDeploymentPostprocessing = 0;
			shellPath = /bin/sh;
			shellScript = "#!/usr/bin/env bash\n#\n# Copyright (c) 2016-present Invertase Limited & Contributors\n#\n# Licensed under the Apache License, Version 2.0 (the \"License\");\n# you may not use this library except in compliance with the License.\n# You may obtain a copy of the License at\n#\n#   http://www.apache.org/licenses/LICENSE-2.0\n#\n# Unless required by applicable law or agreed to in writing, software\n# distributed under the License is distributed on an \"AS IS\" BASIS,\n# WITHOUT WARRANTIES OR CONDITIONS OF ANY KIND, either express or implied.\n# See the License for the specific language governing permissions and\n# limitations under the License.\n#\nset -e\n\n_MAX_LOOKUPS=2;\n_SEARCH_RESULT=''\n_RN_ROOT_EXISTS=''\n_CURRENT_LOOKUPS=1\n_JSON_ROOT=\"'react-native'\"\n_JSON_FILE_NAME='firebase.json'\n_JSON_OUTPUT_BASE64='e30=' # { }\n_CURRENT_SEARCH_DIR=${PROJECT_DIR}\n_PLIST_BUDDY=/usr/libexec/PlistBuddy\n_TARGET_PLIST=\"${BUILT_PRODUCTS_DIR}/${INFOPLIST_PATH}\"\n_DSYM_PLIST=\"${DWARF_DSYM_FOLDER_PATH}/${DWARF_DSYM_FILE_NAME}/Contents/Info.plist\"\n\n# plist arrays\n_PLIST_ENTRY_KEYS=()\n_PLIST_ENTRY_TYPES=()\n_PLIST_ENTRY_VALUES=()\n\nfunction setPlistValue {\n  echo \"info:      setting plist entry '$1' of type '$2' in file '$4'\"\n  ${_PLIST_BUDDY} -c \"Add :$1 $2 '$3'\" $4 || echo \"info:      '$1' already exists\"\n}\n\nfunction getFirebaseJsonKeyValue () {\n  if [[ ${_RN_ROOT_EXISTS} ]]; then\n    ruby -e \"require 'rubygems';require 'json'; output=JSON.parse('$1'); puts output[$_JSON_ROOT]['$2']\"\n  else\n    echo \"\"\n  fi;\n}\n\nfunction jsonBoolToYesNo () {\n  if [[ $1 == \"false\" ]]; then\n    echo \"NO\"\n  elif [[ $1 == \"true\" ]]; then\n    echo \"YES\"\n  else echo \"NO\"\n  fi\n}\n\necho \"info: -> RNFB build script started\"\necho \"info: 1) Locating ${_JSON_FILE_NAME} file:\"\n\nif [[ -z ${_CURRENT_SEARCH_DIR} ]]; then\n  _CURRENT_SEARCH_DIR=$(pwd)\nfi;\n\nwhile true; do\n  _CURRENT_SEARCH_DIR=$(dirname \"$_CURRENT_SEARCH_DIR\")\n  if [[ \"$_CURRENT_SEARCH_DIR\" == \"/\" ]] || [[ ${_CURRENT_LOOKUPS} -gt ${_MAX_LOOKUPS} ]]; then break; fi;\n  echo \"info:      ($_CURRENT_LOOKUPS of $_MAX_LOOKUPS) Searching in '$_CURRENT_SEARCH_DIR' for a ${_JSON_FILE_NAME} file.\"\n  _SEARCH_RESULT=$(find \"$_CURRENT_SEARCH_DIR\" -maxdepth 2 -name ${_JSON_FILE_NAME} -print | /usr/bin/head -n 1)\n  if [[ ${_SEARCH_RESULT} ]]; then\n    echo \"info:      ${_JSON_FILE_NAME} found at $_SEARCH_RESULT\"\n    break;\n  fi;\n  _CURRENT_LOOKUPS=$((_CURRENT_LOOKUPS+1))\ndone\n\nif [[ ${_SEARCH_RESULT} ]]; then\n  _JSON_OUTPUT_RAW=$(cat \"${_SEARCH_RESULT}\")\n  _RN_ROOT_EXISTS=$(ruby -e \"require 'rubygems';require 'json'; output=JSON.parse('$_JSON_OUTPUT_RAW'); puts output[$_JSON_ROOT]\" || echo '')\n\n  if [[ ${_RN_ROOT_EXISTS} ]]; then\n    if ! python3 --version >/dev/null 2>&1; then echo \"python3 not found, firebase.json file processing error.\" && exit 1; fi\n    _JSON_OUTPUT_BASE64=$(python3 -c 'import json,sys,base64;print(base64.b64encode(bytes(json.dumps(json.loads(open('\"'${_SEARCH_RESULT}'\"', '\"'rb'\"').read())['${_JSON_ROOT}']), '\"'utf-8'\"')).decode())' || echo \"e30=\")\n  fi\n\n  _PLIST_ENTRY_KEYS+=(\"firebase_json_raw\")\n  _PLIST_ENTRY_TYPES+=(\"string\")\n  _PLIST_ENTRY_VALUES+=(\"$_JSON_OUTPUT_BASE64\")\n\n  # config.app_data_collection_default_enabled\n  _APP_DATA_COLLECTION_ENABLED=$(getFirebaseJsonKeyValue \"$_JSON_OUTPUT_RAW\" \"app_data_collection_default_enabled\")\n  if [[ $_APP_DATA_COLLECTION_ENABLED ]]; then\n    _PLIST_ENTRY_KEYS+=(\"FirebaseDataCollectionDefaultEnabled\")\n    _PLIST_ENTRY_TYPES+=(\"bool\")\n    _PLIST_ENTRY_VALUES+=(\"$(jsonBoolToYesNo \"$_APP_DATA_COLLECTION_ENABLED\")\")\n  fi\n\n  # config.analytics_auto_collection_enabled\n  _ANALYTICS_AUTO_COLLECTION=$(getFirebaseJsonKeyValue \"$_JSON_OUTPUT_RAW\" \"analytics_auto_collection_enabled\")\n  if [[ $_ANALYTICS_AUTO_COLLECTION ]]; then\n    _PLIST_ENTRY_KEYS+=(\"FIREBASE_ANALYTICS_COLLECTION_ENABLED\")\n    _PLIST_ENTRY_TYPES+=(\"bool\")\n    _PLIST_ENTRY_VALUES+=(\"$(jsonBoolToYesNo \"$_ANALYTICS_AUTO_COLLECTION\")\")\n  fi\n\n  # config.analytics_collection_deactivated\n  _ANALYTICS_DEACTIVATED=$(getFirebaseJsonKeyValue \"$_JSON_OUTPUT_RAW\" \"analytics_collection_deactivated\")\n  if [[ $_ANALYTICS_DEACTIVATED ]]; then\n    _PLIST_ENTRY_KEYS+=(\"FIREBASE_ANALYTICS_COLLECTION_DEACTIVATED\")\n    _PLIST_ENTRY_TYPES+=(\"bool\")\n    _PLIST_ENTRY_VALUES+=(\"$(jsonBoolToYesNo \"$_ANALYTICS_DEACTIVATED\")\")\n  fi\n\n  # config.analytics_idfv_collection_enabled\n  _ANALYTICS_IDFV_COLLECTION=$(getFirebaseJsonKeyValue \"$_JSON_OUTPUT_RAW\" \"analytics_idfv_collection_enabled\")\n  if [[ $_ANALYTICS_IDFV_COLLECTION ]]; then\n    _PLIST_ENTRY_KEYS+=(\"GOOGLE_ANALYTICS_IDFV_COLLECTION_ENABLED\")\n    _PLIST_ENTRY_TYPES+=(\"bool\")\n    _PLIST_ENTRY_VALUES+=(\"$(jsonBoolToYesNo \"$_ANALYTICS_IDFV_COLLECTION\")\")\n  fi\n\n  # config.analytics_default_allow_ad_personalization_signals\n  _ANALYTICS_PERSONALIZATION=$(getFirebaseJsonKeyValue \"$_JSON_OUTPUT_RAW\" \"analytics_default_allow_ad_personalization_signals\")\n  if [[ $_ANALYTICS_PERSONALIZATION ]]; then\n    _PLIST_ENTRY_KEYS+=(\"GOOGLE_ANALYTICS_DEFAULT_ALLOW_AD_PERSONALIZATION_SIGNALS\")\n    _PLIST_ENTRY_TYPES+=(\"bool\")\n    _PLIST_ENTRY_VALUES+=(\"$(jsonBoolToYesNo \"$_ANALYTICS_PERSONALIZATION\")\")\n  fi\n\n  # config.google_analytics_automatic_screen_reporting_enabled\n  _ANALYTICS_AUTO_SCREEN_REPORTING=$(getFirebaseJsonKeyValue \"$_JSON_OUTPUT_RAW\" \"google_analytics_automatic_screen_reporting_enabled\")\n  if [[ $_ANALYTICS_AUTO_SCREEN_REPORTING ]]; then\n    _PLIST_ENTRY_KEYS+=(\"FirebaseAutomaticScreenReportingEnabled\")\n    _PLIST_ENTRY_TYPES+=(\"bool\")\n    _PLIST_ENTRY_VALUES+=(\"$(jsonBoolToYesNo \"$_ANALYTICS_AUTO_SCREEN_REPORTING\")\")\n  fi\n\n  # config.perf_auto_collection_enabled\n  _PERF_AUTO_COLLECTION=$(getFirebaseJsonKeyValue \"$_JSON_OUTPUT_RAW\" \"perf_auto_collection_enabled\")\n  if [[ $_PERF_AUTO_COLLECTION ]]; then\n    _PLIST_ENTRY_KEYS+=(\"firebase_performance_collection_enabled\")\n    _PLIST_ENTRY_TYPES+=(\"bool\")\n    _PLIST_ENTRY_VALUES+=(\"$(jsonBoolToYesNo \"$_PERF_AUTO_COLLECTION\")\")\n  fi\n\n  # config.perf_collection_deactivated\n  _PERF_DEACTIVATED=$(getFirebaseJsonKeyValue \"$_JSON_OUTPUT_RAW\" \"perf_collection_deactivated\")\n  if [[ $_PERF_DEACTIVATED ]]; then\n    _PLIST_ENTRY_KEYS+=(\"firebase_performance_collection_deactivated\")\n    _PLIST_ENTRY_TYPES+=(\"bool\")\n    _PLIST_ENTRY_VALUES+=(\"$(jsonBoolToYesNo \"$_PERF_DEACTIVATED\")\")\n  fi\n\n  # config.messaging_auto_init_enabled\n  _MESSAGING_AUTO_INIT=$(getFirebaseJsonKeyValue \"$_JSON_OUTPUT_RAW\" \"messaging_auto_init_enabled\")\n  if [[ $_MESSAGING_AUTO_INIT ]]; then\n    _PLIST_ENTRY_KEYS+=(\"FirebaseMessagingAutoInitEnabled\")\n    _PLIST_ENTRY_TYPES+=(\"bool\")\n    _PLIST_ENTRY_VALUES+=(\"$(jsonBoolToYesNo \"$_MESSAGING_AUTO_INIT\")\")\n  fi\n\n  # config.in_app_messaging_auto_colllection_enabled\n  _FIAM_AUTO_INIT=$(getFirebaseJsonKeyValue \"$_JSON_OUTPUT_RAW\" \"in_app_messaging_auto_collection_enabled\")\n  if [[ $_FIAM_AUTO_INIT ]]; then\n    _PLIST_ENTRY_KEYS+=(\"FirebaseInAppMessagingAutomaticDataCollectionEnabled\")\n    _PLIST_ENTRY_TYPES+=(\"bool\")\n    _PLIST_ENTRY_VALUES+=(\"$(jsonBoolToYesNo \"$_FIAM_AUTO_INIT\")\")\n  fi\n\n  # config.app_check_token_auto_refresh\n  _APP_CHECK_TOKEN_AUTO_REFRESH=$(getFirebaseJsonKeyValue \"$_JSON_OUTPUT_RAW\" \"app_check_token_auto_refresh\")\n  if [[ $_APP_CHECK_TOKEN_AUTO_REFRESH ]]; then\n    _PLIST_ENTRY_KEYS+=(\"FirebaseAppCheckTokenAutoRefreshEnabled\")\n    _PLIST_ENTRY_TYPES+=(\"bool\")\n    _PLIST_ENTRY_VALUES+=(\"$(jsonBoolToYesNo \"$_APP_CHECK_TOKEN_AUTO_REFRESH\")\")\n  fi\n\n  # config.crashlytics_disable_auto_disabler - undocumented for now - mainly for debugging, document if becomes useful\n  _CRASHLYTICS_AUTO_DISABLE_ENABLED=$(getFirebaseJsonKeyValue \"$_JSON_OUTPUT_RAW\" \"crashlytics_disable_auto_disabler\")\n  if [[ $_CRASHLYTICS_AUTO_DISABLE_ENABLED == \"true\" ]]; then\n    echo \"Disabled Crashlytics auto disabler.\" # do nothing\n  else\n    _PLIST_ENTRY_KEYS+=(\"FirebaseCrashlyticsCollectionEnabled\")\n    _PLIST_ENTRY_TYPES+=(\"bool\")\n    _PLIST_ENTRY_VALUES+=(\"NO\")\n  fi\nelse\n  _PLIST_ENTRY_KEYS+=(\"firebase_json_raw\")\n  _PLIST_ENTRY_TYPES+=(\"string\")\n  _PLIST_ENTRY_VALUES+=(\"$_JSON_OUTPUT_BASE64\")\n  echo \"warning:   A firebase.json file was not found, whilst this file is optional it is recommended to include it to configure firebase services in React Native Firebase.\"\nfi;\n\necho \"info: 2) Injecting Info.plist entries: \"\n\n# Log out the keys we're adding\nfor i in \"${!_PLIST_ENTRY_KEYS[@]}\"; do\n  echo \"    ->  $i) ${_PLIST_ENTRY_KEYS[$i]}\" \"${_PLIST_ENTRY_TYPES[$i]}\" \"${_PLIST_ENTRY_VALUES[$i]}\"\ndone\n\nfor plist in \"${_TARGET_PLIST}\" \"${_DSYM_PLIST}\" ; do\n  if [[ -f \"${plist}\" ]]; then\n\n    # paths with spaces break the call to setPlistValue. temporarily modify\n    # the shell internal field separator variable (IFS), which normally\n    # includes spaces, to consist only of line breaks\n    oldifs=$IFS\n    IFS=\"\n\"\n\n    for i in \"${!_PLIST_ENTRY_KEYS[@]}\"; do\n      setPlistValue \"${_PLIST_ENTRY_KEYS[$i]}\" \"${_PLIST_ENTRY_TYPES[$i]}\" \"${_PLIST_ENTRY_VALUES[$i]}\" \"${plist}\"\n    done\n\n    # restore the original internal field separator value\n    IFS=$oldifs\n  else\n    echo \"warning:   A Info.plist build output file was not found (${plist})\"\n  fi\ndone\n\necho \"info: <- RNFB build script finished\"\n";
		};
		A55EABD7B0C7F3A422A6CC61 /* [CP] Check Pods Manifest.lock */ = {
			isa = PBXShellScriptBuildPhase;
			buildActionMask = 2147483647;
			files = (
			);
			inputFileListPaths = (
			);
			inputPaths = (
				"${PODS_PODFILE_DIR_PATH}/Podfile.lock",
				"${PODS_ROOT}/Manifest.lock",
			);
			name = "[CP] Check Pods Manifest.lock";
			outputFileListPaths = (
			);
			outputPaths = (
				"$(DERIVED_FILE_DIR)/Pods-Outsidee-OutsideeTests-checkManifestLockResult.txt",
			);
			runOnlyForDeploymentPostprocessing = 0;
			shellPath = /bin/sh;
			shellScript = "diff \"${PODS_PODFILE_DIR_PATH}/Podfile.lock\" \"${PODS_ROOT}/Manifest.lock\" > /dev/null\nif [ $? != 0 ] ; then\n    # print error to STDERR\n    echo \"error: The sandbox is not in sync with the Podfile.lock. Run 'pod install' or update your CocoaPods installation.\" >&2\n    exit 1\nfi\n# This output is used by Xcode 'outputs' to avoid re-running this script phase.\necho \"SUCCESS\" > \"${SCRIPT_OUTPUT_FILE_0}\"\n";
			showEnvVarsInLog = 0;
		};
		C38B50BA6285516D6DCD4F65 /* [CP] Check Pods Manifest.lock */ = {
			isa = PBXShellScriptBuildPhase;
			buildActionMask = 2147483647;
			files = (
			);
			inputFileListPaths = (
			);
			inputPaths = (
				"${PODS_PODFILE_DIR_PATH}/Podfile.lock",
				"${PODS_ROOT}/Manifest.lock",
			);
			name = "[CP] Check Pods Manifest.lock";
			outputFileListPaths = (
			);
			outputPaths = (
				"$(DERIVED_FILE_DIR)/Pods-Outsidee-checkManifestLockResult.txt",
			);
			runOnlyForDeploymentPostprocessing = 0;
			shellPath = /bin/sh;
			shellScript = "diff \"${PODS_PODFILE_DIR_PATH}/Podfile.lock\" \"${PODS_ROOT}/Manifest.lock\" > /dev/null\nif [ $? != 0 ] ; then\n    # print error to STDERR\n    echo \"error: The sandbox is not in sync with the Podfile.lock. Run 'pod install' or update your CocoaPods installation.\" >&2\n    exit 1\nfi\n# This output is used by Xcode 'outputs' to avoid re-running this script phase.\necho \"SUCCESS\" > \"${SCRIPT_OUTPUT_FILE_0}\"\n";
			showEnvVarsInLog = 0;
		};
		C59DA0FBD6956966B86A3779 /* [CP] Embed Pods Frameworks */ = {
			isa = PBXShellScriptBuildPhase;
			buildActionMask = 2147483647;
			files = (
			);
			inputFileListPaths = (
				"${PODS_ROOT}/Target Support Files/Pods-Outsidee-OutsideeTests/Pods-Outsidee-OutsideeTests-frameworks-${CONFIGURATION}-input-files.xcfilelist",
			);
			name = "[CP] Embed Pods Frameworks";
			outputFileListPaths = (
				"${PODS_ROOT}/Target Support Files/Pods-Outsidee-OutsideeTests/Pods-Outsidee-OutsideeTests-frameworks-${CONFIGURATION}-output-files.xcfilelist",
			);
			runOnlyForDeploymentPostprocessing = 0;
			shellPath = /bin/sh;
			shellScript = "\"${PODS_ROOT}/Target Support Files/Pods-Outsidee-OutsideeTests/Pods-Outsidee-OutsideeTests-frameworks.sh\"\n";
			showEnvVarsInLog = 0;
		};
		E235C05ADACE081382539298 /* [CP] Copy Pods Resources */ = {
			isa = PBXShellScriptBuildPhase;
			buildActionMask = 2147483647;
			files = (
			);
			inputFileListPaths = (
				"${PODS_ROOT}/Target Support Files/Pods-Outsidee/Pods-Outsidee-resources-${CONFIGURATION}-input-files.xcfilelist",
			);
			name = "[CP] Copy Pods Resources";
			outputFileListPaths = (
				"${PODS_ROOT}/Target Support Files/Pods-Outsidee/Pods-Outsidee-resources-${CONFIGURATION}-output-files.xcfilelist",
			);
			runOnlyForDeploymentPostprocessing = 0;
			shellPath = /bin/sh;
			shellScript = "\"${PODS_ROOT}/Target Support Files/Pods-Outsidee/Pods-Outsidee-resources.sh\"\n";
			showEnvVarsInLog = 0;
		};
		F6A41C54EA430FDDC6A6ED99 /* [CP] Copy Pods Resources */ = {
			isa = PBXShellScriptBuildPhase;
			buildActionMask = 2147483647;
			files = (
			);
			inputFileListPaths = (
				"${PODS_ROOT}/Target Support Files/Pods-Outsidee-OutsideeTests/Pods-Outsidee-OutsideeTests-resources-${CONFIGURATION}-input-files.xcfilelist",
			);
			name = "[CP] Copy Pods Resources";
			outputFileListPaths = (
				"${PODS_ROOT}/Target Support Files/Pods-Outsidee-OutsideeTests/Pods-Outsidee-OutsideeTests-resources-${CONFIGURATION}-output-files.xcfilelist",
			);
			runOnlyForDeploymentPostprocessing = 0;
			shellPath = /bin/sh;
			shellScript = "\"${PODS_ROOT}/Target Support Files/Pods-Outsidee-OutsideeTests/Pods-Outsidee-OutsideeTests-resources.sh\"\n";
			showEnvVarsInLog = 0;
		};
		FD10A7F022414F080027D42C /* Start Packager */ = {
			isa = PBXShellScriptBuildPhase;
			buildActionMask = 2147483647;
			files = (
			);
			inputFileListPaths = (
			);
			inputPaths = (
			);
			name = "Start Packager";
			outputFileListPaths = (
			);
			outputPaths = (
			);
			runOnlyForDeploymentPostprocessing = 0;
			shellPath = /bin/sh;
			shellScript = "export RCT_METRO_PORT=\"${RCT_METRO_PORT:=8081}\"\necho \"export RCT_METRO_PORT=${RCT_METRO_PORT}\" > \"${SRCROOT}/../node_modules/react-native/scripts/.packager.env\"\nif [ -z \"${RCT_NO_LAUNCH_PACKAGER+xxx}\" ] ; then\n  if nc -w 5 -z localhost ${RCT_METRO_PORT} ; then\n    if ! curl -s \"http://localhost:${RCT_METRO_PORT}/status\" | grep -q \"packager-status:running\" ; then\n      echo \"Port ${RCT_METRO_PORT} already in use, packager is either not running or not running correctly\"\n      exit 2\n    fi\n  else\n    open \"$SRCROOT/../node_modules/react-native/scripts/launchPackager.command\" || echo \"Can't start packager automatically\"\n  fi\nfi\n";
			showEnvVarsInLog = 0;
		};
/* End PBXShellScriptBuildPhase section */

/* Begin PBXSourcesBuildPhase section */
		00E356EA1AD99517003FC87E /* Sources */ = {
			isa = PBXSourcesBuildPhase;
			buildActionMask = 2147483647;
			files = (
				00E356F31AD99517003FC87E /* OutsideeTests.m in Sources */,
			);
			runOnlyForDeploymentPostprocessing = 0;
		};
		13B07F871A680F5B00A75B9A /* Sources */ = {
			isa = PBXSourcesBuildPhase;
			buildActionMask = 2147483647;
			files = (
				13B07FBC1A68108700A75B9A /* AppDelegate.mm in Sources */,
				13B07FC11A68108700A75B9A /* main.m in Sources */,
			);
			runOnlyForDeploymentPostprocessing = 0;
		};
/* End PBXSourcesBuildPhase section */

/* Begin PBXTargetDependency section */
		00E356F51AD99517003FC87E /* PBXTargetDependency */ = {
			isa = PBXTargetDependency;
			target = 13B07F861A680F5B00A75B9A /* Outsidee */;
			targetProxy = 00E356F41AD99517003FC87E /* PBXContainerItemProxy */;
		};
/* End PBXTargetDependency section */

/* Begin XCBuildConfiguration section */
		00E356F61AD99517003FC87E /* Debug */ = {
			isa = XCBuildConfiguration;
			baseConfigurationReference = 5B7EB9410499542E8C5724F5 /* Pods-Outsidee-OutsideeTests.debug.xcconfig */;
			buildSettings = {
				BUNDLE_LOADER = "$(TEST_HOST)";
				GCC_PREPROCESSOR_DEFINITIONS = (
					"DEBUG=1",
					"$(inherited)",
				);
				INFOPLIST_FILE = OutsideeTests/Info.plist;
				IPHONEOS_DEPLOYMENT_TARGET = 11.0;
				LD_RUNPATH_SEARCH_PATHS = (
					"$(inherited)",
					"@executable_path/Frameworks",
					"@loader_path/Frameworks",
				);
				OTHER_LDFLAGS = (
					"-ObjC",
					"-lc++",
					"$(inherited)",
				);
				PRODUCT_BUNDLE_IDENTIFIER = "org.reactjs.native.example.$(PRODUCT_NAME:rfc1034identifier)";
				PRODUCT_NAME = "$(TARGET_NAME)";
				TEST_HOST = "$(BUILT_PRODUCTS_DIR)/Outsidee.app/Outsidee";
			};
			name = Debug;
		};
		00E356F71AD99517003FC87E /* Release */ = {
			isa = XCBuildConfiguration;
			baseConfigurationReference = 89C6BE57DB24E9ADA2F236DE /* Pods-Outsidee-OutsideeTests.release.xcconfig */;
			buildSettings = {
				BUNDLE_LOADER = "$(TEST_HOST)";
				COPY_PHASE_STRIP = NO;
				INFOPLIST_FILE = OutsideeTests/Info.plist;
				IPHONEOS_DEPLOYMENT_TARGET = 11.0;
				LD_RUNPATH_SEARCH_PATHS = (
					"$(inherited)",
					"@executable_path/Frameworks",
					"@loader_path/Frameworks",
				);
				OTHER_LDFLAGS = (
					"-ObjC",
					"-lc++",
					"$(inherited)",
				);
				PRODUCT_BUNDLE_IDENTIFIER = "org.reactjs.native.example.$(PRODUCT_NAME:rfc1034identifier)";
				PRODUCT_NAME = "$(TARGET_NAME)";
				TEST_HOST = "$(BUILT_PRODUCTS_DIR)/Outsidee.app/Outsidee";
			};
			name = Release;
		};
		13B07F941A680F5B00A75B9A /* Debug */ = {
			isa = XCBuildConfiguration;
			baseConfigurationReference = 3B4392A12AC88292D35C810B /* Pods-Outsidee.debug.xcconfig */;
			buildSettings = {
				ASSETCATALOG_COMPILER_APPICON_NAME = AppIcon;
				CLANG_ENABLE_MODULES = YES;
				CODE_SIGN_ENTITLEMENTS = Outsidee/Outsidee.entitlements;
				CURRENT_PROJECT_VERSION = 1;
				DEVELOPMENT_TEAM = N35Z4A9JLM;
				ENABLE_BITCODE = NO;
				INFOPLIST_FILE = Outsidee/Info.plist;
				INFOPLIST_KEY_CFBundleDisplayName = Outsidee;
				LD_RUNPATH_SEARCH_PATHS = (
					"$(inherited)",
					"@executable_path/Frameworks",
				);
				MARKETING_VERSION = 1.0.0;
				OTHER_LDFLAGS = (
					"$(inherited)",
					"-ObjC",
					"-lc++",
				);
				PRODUCT_BUNDLE_IDENTIFIER = com.celectstudios.outsideee;
				PRODUCT_NAME = Outsidee;
				SWIFT_OPTIMIZATION_LEVEL = "-Onone";
				SWIFT_VERSION = 5.0;
				VERSIONING_SYSTEM = "apple-generic";
			};
			name = Debug;
		};
		13B07F951A680F5B00A75B9A /* Release */ = {
			isa = XCBuildConfiguration;
			baseConfigurationReference = 5709B34CF0A7D63546082F79 /* Pods-Outsidee.release.xcconfig */;
			buildSettings = {
				ASSETCATALOG_COMPILER_APPICON_NAME = AppIcon;
				CLANG_ENABLE_MODULES = YES;
				CODE_SIGN_ENTITLEMENTS = Outsidee/Outsidee.entitlements;
				CURRENT_PROJECT_VERSION = 1;
				DEVELOPMENT_TEAM = N35Z4A9JLM;
				INFOPLIST_FILE = Outsidee/Info.plist;
				INFOPLIST_KEY_CFBundleDisplayName = Outsidee;
				LD_RUNPATH_SEARCH_PATHS = (
					"$(inherited)",
					"@executable_path/Frameworks",
				);
				MARKETING_VERSION = 1.0.0;
				OTHER_LDFLAGS = (
					"$(inherited)",
					"-ObjC",
					"-lc++",
				);
				PRODUCT_BUNDLE_IDENTIFIER = com.celectstudios.outsideee;
				PRODUCT_NAME = Outsidee;
				SWIFT_VERSION = 5.0;
				VERSIONING_SYSTEM = "apple-generic";
			};
			name = Release;
		};
		83CBBA201A601CBA00E9B192 /* Debug */ = {
			isa = XCBuildConfiguration;
			buildSettings = {
				ALWAYS_SEARCH_USER_PATHS = NO;
				CLANG_ANALYZER_LOCALIZABILITY_NONLOCALIZED = YES;
				CLANG_CXX_LANGUAGE_STANDARD = "c++17";
				CLANG_CXX_LIBRARY = "libc++";
				CLANG_ENABLE_MODULES = YES;
				CLANG_ENABLE_OBJC_ARC = YES;
				CLANG_WARN_BLOCK_CAPTURE_AUTORELEASING = YES;
				CLANG_WARN_BOOL_CONVERSION = YES;
				CLANG_WARN_COMMA = YES;
				CLANG_WARN_CONSTANT_CONVERSION = YES;
				CLANG_WARN_DEPRECATED_OBJC_IMPLEMENTATIONS = YES;
				CLANG_WARN_DIRECT_OBJC_ISA_USAGE = YES_ERROR;
				CLANG_WARN_EMPTY_BODY = YES;
				CLANG_WARN_ENUM_CONVERSION = YES;
				CLANG_WARN_INFINITE_RECURSION = YES;
				CLANG_WARN_INT_CONVERSION = YES;
				CLANG_WARN_NON_LITERAL_NULL_CONVERSION = YES;
				CLANG_WARN_OBJC_IMPLICIT_RETAIN_SELF = YES;
				CLANG_WARN_OBJC_LITERAL_CONVERSION = YES;
				CLANG_WARN_OBJC_ROOT_CLASS = YES_ERROR;
				CLANG_WARN_QUOTED_INCLUDE_IN_FRAMEWORK_HEADER = YES;
				CLANG_WARN_RANGE_LOOP_ANALYSIS = YES;
				CLANG_WARN_STRICT_PROTOTYPES = YES;
				CLANG_WARN_SUSPICIOUS_MOVE = YES;
				CLANG_WARN_UNREACHABLE_CODE = YES;
				CLANG_WARN__DUPLICATE_METHOD_MATCH = YES;
				"CODE_SIGN_IDENTITY[sdk=iphoneos*]" = "iPhone Developer";
				COPY_PHASE_STRIP = NO;
				ENABLE_STRICT_OBJC_MSGSEND = YES;
				ENABLE_TESTABILITY = YES;
				"EXCLUDED_ARCHS[sdk=iphonesimulator*]" = "";
				GCC_C_LANGUAGE_STANDARD = gnu99;
				GCC_DYNAMIC_NO_PIC = NO;
				GCC_NO_COMMON_BLOCKS = YES;
				GCC_OPTIMIZATION_LEVEL = 0;
				GCC_PREPROCESSOR_DEFINITIONS = (
					"DEBUG=1",
					"$(inherited)",
				);
				GCC_SYMBOLS_PRIVATE_EXTERN = NO;
				GCC_WARN_64_TO_32_BIT_CONVERSION = YES;
				GCC_WARN_ABOUT_RETURN_TYPE = YES_ERROR;
				GCC_WARN_UNDECLARED_SELECTOR = YES;
				GCC_WARN_UNINITIALIZED_AUTOS = YES_AGGRESSIVE;
				GCC_WARN_UNUSED_FUNCTION = YES;
				GCC_WARN_UNUSED_VARIABLE = YES;
				IPHONEOS_DEPLOYMENT_TARGET = 12.0;
				LD_RUNPATH_SEARCH_PATHS = (
					/usr/lib/swift,
					"$(inherited)",
				);
				LIBRARY_SEARCH_PATHS = (
					"\"$(SDKROOT)/usr/lib/swift\"",
					"\"$(TOOLCHAIN_DIR)/usr/lib/swift/$(PLATFORM_NAME)\"",
					"\"$(inherited)\"",
				);
				MTL_ENABLE_DEBUG_INFO = YES;
				ONLY_ACTIVE_ARCH = YES;
				OTHER_CPLUSPLUSFLAGS = (
					"$(OTHER_CFLAGS)",
					"-DFOLLY_NO_CONFIG",
					"-DFOLLY_MOBILE=1",
					"-DFOLLY_USE_LIBCPP=1",
				);
				SDKROOT = iphoneos;
			};
			name = Debug;
		};
		83CBBA211A601CBA00E9B192 /* Release */ = {
			isa = XCBuildConfiguration;
			buildSettings = {
				ALWAYS_SEARCH_USER_PATHS = NO;
				CLANG_ANALYZER_LOCALIZABILITY_NONLOCALIZED = YES;
				CLANG_CXX_LANGUAGE_STANDARD = "c++17";
				CLANG_CXX_LIBRARY = "libc++";
				CLANG_ENABLE_MODULES = YES;
				CLANG_ENABLE_OBJC_ARC = YES;
				CLANG_WARN_BLOCK_CAPTURE_AUTORELEASING = YES;
				CLANG_WARN_BOOL_CONVERSION = YES;
				CLANG_WARN_COMMA = YES;
				CLANG_WARN_CONSTANT_CONVERSION = YES;
				CLANG_WARN_DEPRECATED_OBJC_IMPLEMENTATIONS = YES;
				CLANG_WARN_DIRECT_OBJC_ISA_USAGE = YES_ERROR;
				CLANG_WARN_EMPTY_BODY = YES;
				CLANG_WARN_ENUM_CONVERSION = YES;
				CLANG_WARN_INFINITE_RECURSION = YES;
				CLANG_WARN_INT_CONVERSION = YES;
				CLANG_WARN_NON_LITERAL_NULL_CONVERSION = YES;
				CLANG_WARN_OBJC_IMPLICIT_RETAIN_SELF = YES;
				CLANG_WARN_OBJC_LITERAL_CONVERSION = YES;
				CLANG_WARN_OBJC_ROOT_CLASS = YES_ERROR;
				CLANG_WARN_QUOTED_INCLUDE_IN_FRAMEWORK_HEADER = YES;
				CLANG_WARN_RANGE_LOOP_ANALYSIS = YES;
				CLANG_WARN_STRICT_PROTOTYPES = YES;
				CLANG_WARN_SUSPICIOUS_MOVE = YES;
				CLANG_WARN_UNREACHABLE_CODE = YES;
				CLANG_WARN__DUPLICATE_METHOD_MATCH = YES;
				"CODE_SIGN_IDENTITY[sdk=iphoneos*]" = "iPhone Developer";
				COPY_PHASE_STRIP = YES;
				ENABLE_NS_ASSERTIONS = NO;
				ENABLE_STRICT_OBJC_MSGSEND = YES;
				"EXCLUDED_ARCHS[sdk=iphonesimulator*]" = "";
				GCC_C_LANGUAGE_STANDARD = gnu99;
				GCC_NO_COMMON_BLOCKS = YES;
				GCC_WARN_64_TO_32_BIT_CONVERSION = YES;
				GCC_WARN_ABOUT_RETURN_TYPE = YES_ERROR;
				GCC_WARN_UNDECLARED_SELECTOR = YES;
				GCC_WARN_UNINITIALIZED_AUTOS = YES_AGGRESSIVE;
				GCC_WARN_UNUSED_FUNCTION = YES;
				GCC_WARN_UNUSED_VARIABLE = YES;
				IPHONEOS_DEPLOYMENT_TARGET = 12.0;
				LD_RUNPATH_SEARCH_PATHS = (
					/usr/lib/swift,
					"$(inherited)",
				);
				LIBRARY_SEARCH_PATHS = (
					"\"$(SDKROOT)/usr/lib/swift\"",
					"\"$(TOOLCHAIN_DIR)/usr/lib/swift/$(PLATFORM_NAME)\"",
					"\"$(inherited)\"",
				);
				MTL_ENABLE_DEBUG_INFO = NO;
				OTHER_CPLUSPLUSFLAGS = (
					"$(OTHER_CFLAGS)",
					"-DFOLLY_NO_CONFIG",
					"-DFOLLY_MOBILE=1",
					"-DFOLLY_USE_LIBCPP=1",
				);
				SDKROOT = iphoneos;
				VALIDATE_PRODUCT = YES;
			};
			name = Release;
		};
/* End XCBuildConfiguration section */

/* Begin XCConfigurationList section */
		00E357021AD99517003FC87E /* Build configuration list for PBXNativeTarget "OutsideeTests" */ = {
			isa = XCConfigurationList;
			buildConfigurations = (
				00E356F61AD99517003FC87E /* Debug */,
				00E356F71AD99517003FC87E /* Release */,
			);
			defaultConfigurationIsVisible = 0;
			defaultConfigurationName = Release;
		};
		13B07F931A680F5B00A75B9A /* Build configuration list for PBXNativeTarget "Outsidee" */ = {
			isa = XCConfigurationList;
			buildConfigurations = (
				13B07F941A680F5B00A75B9A /* Debug */,
				13B07F951A680F5B00A75B9A /* Release */,
			);
			defaultConfigurationIsVisible = 0;
			defaultConfigurationName = Release;
		};
		83CBB9FA1A601CBA00E9B192 /* Build configuration list for PBXProject "Outsidee" */ = {
			isa = XCConfigurationList;
			buildConfigurations = (
				83CBBA201A601CBA00E9B192 /* Debug */,
				83CBBA211A601CBA00E9B192 /* Release */,
			);
			defaultConfigurationIsVisible = 0;
			defaultConfigurationName = Release;
		};
/* End XCConfigurationList section */
	};
	rootObject = 83CBB9F71A601CBA00E9B192 /* Project object */;
}
